
Microsoft Visual Studio Solution File, Format Version 12.00
# Visual Studio Version 16
VisualStudioVersion = 16.0.30711.63
MinimumVisualStudioVersion = 10.0.40219.1
Project("{FAE04EC0-301F-11D3-BF4B-00C04F79EFBC}") = "SUP", "VL.SUP\SUP.csproj", "{174040A2-E47C-4529-86F0-8EBFCBB01A7A}"
EndProject
Project("{FAE04EC0-301F-11D3-BF4B-00C04F79EFBC}") = "SUP.Validator", "SUP.Validator\SUP.Validator.csproj", "{6B06DA49-4470-42AB-B139-E6F5F765747C}"
EndProject
Project("{FAE04EC0-301F-11D3-BF4B-00C04F79EFBC}") = "ValidatorUnitTests", "ValidatorUnitTests\ValidatorUnitTests.csproj", "{D507E238-C0FF-489B-AC20-04139EA13F65}"
EndProject
Global
	GlobalSection(SolutionConfigurationPlatforms) = preSolution
		Debug|Any CPU = Debug|Any CPU
		Release|Any CPU = Release|Any CPU
	EndGlobalSection
	GlobalSection(ProjectConfigurationPlatforms) = postSolution
		{174040A2-E47C-4529-86F0-8EBFCBB01A7A}.Debug|Any CPU.ActiveCfg = Debug|Any CPU
		{174040A2-E47C-4529-86F0-8EBFCBB01A7A}.Debug|Any CPU.Build.0 = Debug|Any CPU
		{174040A2-E47C-4529-86F0-8EBFCBB01A7A}.Release|Any CPU.ActiveCfg = Release|Any CPU
		{174040A2-E47C-4529-86F0-8EBFCBB01A7A}.Release|Any CPU.Build.0 = Release|Any CPU
		{6B06DA49-4470-42AB-B139-E6F5F765747C}.Debug|Any CPU.ActiveCfg = Debug|Any CPU
		{6B06DA49-4470-42AB-B139-E6F5F765747C}.Debug|Any CPU.Build.0 = Debug|Any CPU
		{6B06DA49-4470-42AB-B139-E6F5F765747C}.Release|Any CPU.ActiveCfg = Release|Any CPU
		{6B06DA49-4470-42AB-B139-E6F5F765747C}.Release|Any CPU.Build.0 = Release|Any CPU
		{D507E238-C0FF-489B-AC20-04139EA13F65}.Debug|Any CPU.ActiveCfg = Debug|Any CPU
		{D507E238-C0FF-489B-AC20-04139EA13F65}.Debug|Any CPU.Build.0 = Debug|Any CPU
		{D507E238-C0FF-489B-AC20-04139EA13F65}.Release|Any CPU.ActiveCfg = Release|Any CPU
		{D507E238-C0FF-489B-AC20-04139EA13F65}.Release|Any CPU.Build.0 = Release|Any CPU
	EndGlobalSection
	GlobalSection(SolutionProperties) = preSolution
		HideSolutionNode = FALSE
	EndGlobalSection
	GlobalSection(ExtensibilityGlobals) = postSolution
		SolutionGuid = {DD425157-95CB-4967-8C24-89B637DB7856}
	EndGlobalSection
EndGlobal
